{
    "doctrine/doctrine-bundle": {
        "version": "2.11",
        "recipe": {
            "repo": "github.com/symfony/recipes",
            "branch": "main",
            "version": "2.10",
            "ref": "c170ded8fc587d6bd670550c43dafcf093762245"
        },
        "files": [
            "./config/packages/doctrine.yaml",
            "./src/Entity/.gitignore",
            "./src/Repository/.gitignore"
        ]
    },
    "doctrine/doctrine-migrations-bundle": {
        "version": "3.3",
        "recipe": {
            "repo": "github.com/symfony/recipes",
            "branch": "main",
            "version": "3.1",
            "ref": "1d01ec03c6ecbd67c3375c5478c9a423ae5d6a33"
        },
        "files": [
            "./config/packages/doctrine_migrations.yaml",
            "./migrations/.gitignore"
        ]
    },
    "friendsofphp/php-cs-fixer": {
        "version": "3.51",
        "recipe": {
            "repo": "github.com/symfony/recipes",
            "branch": "main",
            "version": "3.0",
            "ref": "be2103eb4a20942e28a6dd87736669b757132435"
        },
        "files": [
            "./.php-cs-fixer.dist.php"
        ]
    },
    "kreait/firebase-bundle": {
        "version": "5.2.0"
    },
    "symfony/apache-pack": {
        "version": "1.0",
        "recipe": {
            "repo": "github.com/symfony/recipes-contrib",
            "branch": "main",
            "version": "1.0",
            "ref": "0f18b4decdf5695d692c1d0dfd65516a07a6adf1"
        },
        "files": [
            "./public/.htaccess"
        ]
    },
    "symfony/console": {
        "version": "6.4",
        "recipe": {
            "repo": "github.com/symfony/recipes",
            "branch": "main",
            "version": "5.3",
            "ref": "da0c8be8157600ad34f10ff0c9cc91232522e047"
        },
        "files": [
            "./bin/console"
        ]
    },
    "symfony/debug-bundle": {
        "version": "6.4",
        "recipe": {
            "repo": "github.com/symfony/recipes",
            "branch": "main",
            "version": "5.3",
            "ref": "5aa8aa48234c8eb6dbdd7b3cd5d791485d2cec4b"
        },
        "files": [
            "./config/packages/debug.yaml"
        ]
    },
    "symfony/flex": {
        "version": "2.4",
        "recipe": {
            "repo": "github.com/symfony/recipes",
            "branch": "main",
            "version": "1.0",
            "ref": "146251ae39e06a95be0fe3d13c807bcf3938b172"
        },
        "files": [
            "./.env"
        ]
    },
    "symfony/framework-bundle": {
        "version": "6.4",
        "recipe": {
            "repo": "github.com/symfony/recipes",
            "branch": "main",
            "version": "6.4",
            "ref": "a91c965766ad3ff2ae15981801643330eb42b6a5"
        },
        "files": [
            "./config/packages/cache.yaml",
            "./config/packages/framework.yaml",
            "./config/preload.php",
            "./config/routes/framework.yaml",
            "./config/services.yaml",
            "./public/index.php",
            "./src/Controller/.gitignore",
            "./src/Kernel.php"
        ]
    },
    "symfony/maker-bundle": {
        "version": "1.53",
        "recipe": {
            "repo": "github.com/symfony/recipes",
            "branch": "main",
            "version": "1.0",
            "ref": "fadbfe33303a76e25cb63401050439aa9b1a9c7f"
        }
    },
    "symfony/requirements-checker": {
        "version": "2.0",
        "recipe": {
            "repo": "github.com/symfony/recipes",
            "branch": "main",
            "version": "2.0",
            "ref": "02c6e4b9b117c39e8a23eab7f3840ef6e62293b9"
        }
    },
    "symfony/routing": {
        "version": "6.4",
        "recipe": {
            "repo": "github.com/symfony/recipes",
            "branch": "main",
            "version": "6.2",
            "ref": "e0a11b4ccb8c9e70b574ff5ad3dfdcd41dec5aa6"
        },
        "files": [
            "./config/packages/routing.yaml",
            "./config/routes.yaml"
        ]
    },
    "symfony/twig-bundle": {
        "version": "6.4",
        "recipe": {
            "repo": "github.com/symfony/recipes",
            "branch": "main",
            "version": "6.4",
            "ref": "cab5fd2a13a45c266d45a7d9337e28dee6272877"
        },
        "files": [
            "./config/packages/twig.yaml",
            "./templates/base.html.twig"
        ]
    },
    "twig/extra-bundle": {
        "version": "v3.8.0"
    }
}
